// !$*UTF8*$!
{
	archiveVersion = 1;
	classes = {
	};
	objectVersion = 46;
	objects = {

/* Begin PBXBuildFile section */
		4BA79379203E08D000091482 /* AppDelegate.swift in Sources */ = {isa = PBXBuildFile; fileRef = 4BA79378203E08D000091482 /* AppDelegate.swift */; };
		4BA7937B203E08D000091482 /* ViewController.swift in Sources */ = {isa = PBXBuildFile; fileRef = 4BA7937A203E08D000091482 /* ViewController.swift */; };
		4BA7937E203E08D000091482 /* Main.storyboard in Resources */ = {isa = PBXBuildFile; fileRef = 4BA7937C203E08D000091482 /* Main.storyboard */; };
		4BA79380203E08D000091482 /* Assets.xcassets in Resources */ = {isa = PBXBuildFile; fileRef = 4BA7937F203E08D000091482 /* Assets.xcassets */; };
		4BA79383203E08D000091482 /* LaunchScreen.storyboard in Resources */ = {isa = PBXBuildFile; fileRef = 4BA79381203E08D000091482 /* LaunchScreen.storyboard */; };
		4BA7938E203E08D000091482 /* PickerTests.swift in Sources */ = {isa = PBXBuildFile; fileRef = 4BA7938D203E08D000091482 /* PickerTests.swift */; };
		4BA79399203E08D000091482 /* PickerUITests.swift in Sources */ = {isa = PBXBuildFile; fileRef = 4BA79398203E08D000091482 /* PickerUITests.swift */; };
		4BA793A7203E096200091482 /* DatePickerViewController.swift in Sources */ = {isa = PBXBuildFile; fileRef = 4BA793A6203E096200091482 /* DatePickerViewController.swift */; };
		4BA793A9203E09D500091482 /* SingleComponentPickerViewController.swift in Sources */ = {isa = PBXBuildFile; fileRef = 4BA793A8203E09D500091482 /* SingleComponentPickerViewController.swift */; };
		4BA793AB203E09F800091482 /* DoubleComponentPickerViewController.swift in Sources */ = {isa = PBXBuildFile; fileRef = 4BA793AA203E09F800091482 /* DoubleComponentPickerViewController.swift */; };
		4BA793AD203E0A2600091482 /* DependentComponentPickerViewController.swift in Sources */ = {isa = PBXBuildFile; fileRef = 4BA793AC203E0A2600091482 /* DependentComponentPickerViewController.swift */; };
		4BA793AF203E0A6900091482 /* CustomPickerViewController.swift in Sources */ = {isa = PBXBuildFile; fileRef = 4BA793AE203E0A6900091482 /* CustomPickerViewController.swift */; };
/* End PBXBuildFile section */

/* Begin PBXContainerItemProxy section */
		4BA7938A203E08D000091482 /* PBXContainerItemProxy */ = {
			isa = PBXContainerItemProxy;
			containerPortal = 4BA7936D203E08D000091482 /* Project object */;
			proxyType = 1;
			remoteGlobalIDString = 4BA79374203E08D000091482;
			remoteInfo = Picker;
		};
		4BA79395203E08D000091482 /* PBXContainerItemProxy */ = {
			isa = PBXContainerItemProxy;
			containerPortal = 4BA7936D203E08D000091482 /* Project object */;
			proxyType = 1;
			remoteGlobalIDString = 4BA79374203E08D000091482;
			remoteInfo = Picker;
		};
/* End PBXContainerItemProxy section */

/* Begin PBXFileReference section */
		4BA79375203E08D000091482 /* Picker.app */ = {isa = PBXFileReference; explicitFileType = wrapper.application; includeInIndex = 0; path = Picker.app; sourceTree = BUILT_PRODUCTS_DIR; };
		4BA79378203E08D000091482 /* AppDelegate.swift */ = {isa = PBXFileReference; lastKnownFileType = sourcecode.swift; path = AppDelegate.swift; sourceTree = "<group>"; };
		4BA7937A203E08D000091482 /* ViewController.swift */ = {isa = PBXFileReference; lastKnownFileType = sourcecode.swift; path = ViewController.swift; sourceTree = "<group>"; };
		4BA7937D203E08D000091482 /* Base */ = {isa = PBXFileReference; lastKnownFileType = file.storyboard; name = Base; path = Base.lproj/Main.storyboard; sourceTree = "<group>"; };
		4BA7937F203E08D000091482 /* Assets.xcassets */ = {isa = PBXFileReference; lastKnownFileType = folder.assetcatalog; path = Assets.xcassets; sourceTree = "<group>"; };
		4BA79382203E08D000091482 /* Base */ = {isa = PBXFileReference; lastKnownFileType = file.storyboard; name = Base; path = Base.lproj/LaunchScreen.storyboard; sourceTree = "<group>"; };
		4BA79384203E08D000091482 /* Info.plist */ = {isa = PBXFileReference; lastKnownFileType = text.plist.xml; path = Info.plist; sourceTree = "<group>"; };
		4BA79389203E08D000091482 /* PickerTests.xctest */ = {isa = PBXFileReference; explicitFileType = wrapper.cfbundle; includeInIndex = 0; path = PickerTests.xctest; sourceTree = BUILT_PRODUCTS_DIR; };
		4BA7938D203E08D000091482 /* PickerTests.swift */ = {isa = PBXFileReference; lastKnownFileType = sourcecode.swift; path = PickerTests.swift; sourceTree = "<group>"; };
		4BA7938F203E08D000091482 /* Info.plist */ = {isa = PBXFileReference; lastKnownFileType = text.plist.xml; path = Info.plist; sourceTree = "<group>"; };
		4BA79394203E08D000091482 /* PickerUITests.xctest */ = {isa = PBXFileReference; explicitFileType = wrapper.cfbundle; includeInIndex = 0; path = PickerUITests.xctest; sourceTree = BUILT_PRODUCTS_DIR; };
		4BA79398203E08D000091482 /* PickerUITests.swift */ = {isa = PBXFileReference; lastKnownFileType = sourcecode.swift; path = PickerUITests.swift; sourceTree = "<group>"; };
		4BA7939A203E08D000091482 /* Info.plist */ = {isa = PBXFileReference; lastKnownFileType = text.plist.xml; path = Info.plist; sourceTree = "<group>"; };
		4BA793A6203E096200091482 /* DatePickerViewController.swift */ = {isa = PBXFileReference; fileEncoding = 4; lastKnownFileType = sourcecode.swift; path = DatePickerViewController.swift; sourceTree = "<group>"; };
		4BA793A8203E09D500091482 /* SingleComponentPickerViewController.swift */ = {isa = PBXFileReference; fileEncoding = 4; lastKnownFileType = sourcecode.swift; path = SingleComponentPickerViewController.swift; sourceTree = "<group>"; };
		4BA793AA203E09F800091482 /* DoubleComponentPickerViewController.swift */ = {isa = PBXFileReference; fileEncoding = 4; lastKnownFileType = sourcecode.swift; path = DoubleComponentPickerViewController.swift; sourceTree = "<group>"; };
		4BA793AC203E0A2600091482 /* DependentComponentPickerViewController.swift */ = {isa = PBXFileReference; fileEncoding = 4; lastKnownFileType = sourcecode.swift; path = DependentComponentPickerViewController.swift; sourceTree = "<group>"; };
		4BA793AE203E0A6900091482 /* CustomPickerViewController.swift */ = {isa = PBXFileReference; fileEncoding = 4; lastKnownFileType = sourcecode.swift; path = CustomPickerViewController.swift; sourceTree = "<group>"; };
/* End PBXFileReference section */

/* Begin PBXFrameworksBuildPhase section */
		4BA79372203E08D000091482 /* Frameworks */ = {
			isa = PBXFrameworksBuildPhase;
			buildActionMask = 2147483647;
			files = (
			);
			runOnlyForDeploymentPostprocessing = 0;
		};
		4BA79386203E08D000091482 /* Frameworks */ = {
			isa = PBXFrameworksBuildPhase;
			buildActionMask = 2147483647;
			files = (
			);
			runOnlyForDeploymentPostprocessing = 0;
		};
		4BA79391203E08D000091482 /* Frameworks */ = {
			isa = PBXFrameworksBuildPhase;
			buildActionMask = 2147483647;
			files = (
			);
			runOnlyForDeploymentPostprocessing = 0;
		};
/* End PBXFrameworksBuildPhase section */

/* Begin PBXGroup section */
		4BA7936C203E08D000091482 = {
			isa = PBXGroup;
			children = (
				4BA79377203E08D000091482 /* Picker */,
				4BA7938C203E08D000091482 /* PickerTests */,
				4BA79397203E08D000091482 /* PickerUITests */,
				4BA79376203E08D000091482 /* Products */,
			);
			sourceTree = "<group>";
		};
		4BA79376203E08D000091482 /* Products */ = {
			isa = PBXGroup;
			children = (
				4BA79375203E08D000091482 /* Picker.app */,
				4BA79389203E08D000091482 /* PickerTests.xctest */,
				4BA79394203E08D000091482 /* PickerUITests.xctest */,
			);
			name = Products;
			sourceTree = "<group>";
		};
		4BA79377203E08D000091482 /* Picker */ = {
			isa = PBXGroup;
			children = (
				4BA79378203E08D000091482 /* AppDelegate.swift */,
				4BA7937A203E08D000091482 /* ViewController.swift */,
				4BA793A6203E096200091482 /* DatePickerViewController.swift */,
				4BA793A8203E09D500091482 /* SingleComponentPickerViewController.swift */,
				4BA793AA203E09F800091482 /* DoubleComponentPickerViewController.swift */,
				4BA793AC203E0A2600091482 /* DependentComponentPickerViewController.swift */,
				4BA793AE203E0A6900091482 /* CustomPickerViewController.swift */,
				4BA7937C203E08D000091482 /* Main.storyboard */,
				4BA7937F203E08D000091482 /* Assets.xcassets */,
				4BA79381203E08D000091482 /* LaunchScreen.storyboard */,
				4BA79384203E08D000091482 /* Info.plist */,
			);
			path = Picker;
			sourceTree = "<group>";
		};
		4BA7938C203E08D000091482 /* PickerTests */ = {
			isa = PBXGroup;
			children = (
				4BA7938D203E08D000091482 /* PickerTests.swift */,
				4BA7938F203E08D000091482 /* Info.plist */,
			);
			path = PickerTests;
			sourceTree = "<group>";
		};
		4BA79397203E08D000091482 /* PickerUITests */ = {
			isa = PBXGroup;
			children = (
				4BA79398203E08D000091482 /* PickerUITests.swift */,
				4BA7939A203E08D000091482 /* Info.plist */,
			);
			path = PickerUITests;
			sourceTree = "<group>";
		};
/* End PBXGroup section */

/* Begin PBXNativeTarget section */
		4BA79374203E08D000091482 /* Picker */ = {
			isa = PBXNativeTarget;
			buildConfigurationList = 4BA7939D203E08D000091482 /* Build configuration list for PBXNativeTarget "Picker" */;
			buildPhases = (
				4BA79371203E08D000091482 /* Sources */,
				4BA79372203E08D000091482 /* Frameworks */,
				4BA79373203E08D000091482 /* Resources */,
			);
			buildRules = (
			);
			dependencies = (
			);
			name = Picker;
			productName = Picker;
			productReference = 4BA79375203E08D000091482 /* Picker.app */;
			productType = "com.apple.product-type.application";
		};
		4BA79388203E08D000091482 /* PickerTests */ = {
			isa = PBXNativeTarget;
			buildConfigurationList = 4BA793A0203E08D000091482 /* Build configuration list for PBXNativeTarget "PickerTests" */;
			buildPhases = (
				4BA79385203E08D000091482 /* Sources */,
				4BA79386203E08D000091482 /* Frameworks */,
				4BA79387203E08D000091482 /* Resources */,
			);
			buildRules = (
			);
			dependencies = (
				4BA7938B203E08D000091482 /* PBXTargetDependency */,
			);
			name = PickerTests;
			productName = PickerTests;
			productReference = 4BA79389203E08D000091482 /* PickerTests.xctest */;
			productType = "com.apple.product-type.bundle.unit-test";
		};
		4BA79393203E08D000091482 /* PickerUITests */ = {
			isa = PBXNativeTarget;
			buildConfigurationList = 4BA793A3203E08D000091482 /* Build configuration list for PBXNativeTarget "PickerUITests" */;
			buildPhases = (
				4BA79390203E08D000091482 /* Sources */,
				4BA79391203E08D000091482 /* Frameworks */,
				4BA79392203E08D000091482 /* Resources */,
			);
			buildRules = (
			);
			dependencies = (
				4BA79396203E08D000091482 /* PBXTargetDependency */,
			);
			name = PickerUITests;
			productName = PickerUITests;
			productReference = 4BA79394203E08D000091482 /* PickerUITests.xctest */;
			productType = "com.apple.product-type.bundle.ui-testing";
		};
/* End PBXNativeTarget section */

/* Begin PBXProject section */
		4BA7936D203E08D000091482 /* Project object */ = {
			isa = PBXProject;
			attributes = {
				LastSwiftUpdateCheck = 0830;
				LastUpgradeCheck = 0830;
				ORGANIZATIONNAME = "Javier Perez";
				TargetAttributes = {
					4BA79374203E08D000091482 = {
						CreatedOnToolsVersion = 8.3.3;
						ProvisioningStyle = Automatic;
					};
					4BA79388203E08D000091482 = {
						CreatedOnToolsVersion = 8.3.3;
						ProvisioningStyle = Automatic;
						TestTargetID = 4BA79374203E08D000091482;
					};
					4BA79393203E08D000091482 = {
						CreatedOnToolsVersion = 8.3.3;
						ProvisioningStyle = Automatic;
						TestTargetID = 4BA79374203E08D000091482;
					};
				};
			};
			buildConfigurationList = 4BA79370203E08D000091482 /* Build configuration list for PBXProject "Picker" */;
			compatibilityVersion = "Xcode 3.2";
			developmentRegion = English;
			hasScannedForEncodings = 0;
			knownRegions = (
				en,
				Base,
			);
			mainGroup = 4BA7936C203E08D000091482;
			productRefGroup = 4BA79376203E08D000091482 /* Products */;
			projectDirPath = "";
			projectRoot = "";
			targets = (
				4BA79374203E08D000091482 /* Picker */,
				4BA79388203E08D000091482 /* PickerTests */,
				4BA79393203E08D000091482 /* PickerUITests */,
			);
		};
/* End PBXProject section */

/* Begin PBXResourcesBuildPhase section */
		4BA79373203E08D000091482 /* Resources */ = {
			isa = PBXResourcesBuildPhase;
			buildActionMask = 2147483647;
			files = (
				4BA79383203E08D000091482 /* LaunchScreen.storyboard in Resources */,
				4BA79380203E08D000091482 /* Assets.xcassets in Resources */,
				4BA7937E203E08D000091482 /* Main.storyboard in Resources */,
			);
			runOnlyForDeploymentPostprocessing = 0;
		};
		4BA79387203E08D000091482 /* Resources */ = {
			isa = PBXResourcesBuildPhase;
			buildActionMask = 2147483647;
			files = (
			);
			runOnlyForDeploymentPostprocessing = 0;
		};
		4BA79392203E08D000091482 /* Resources */ = {
			isa = PBXResourcesBuildPhase;
			buildActionMask = 2147483647;
			files = (
			);
			runOnlyForDeploymentPostprocessing = 0;
		};
/* End PBXResourcesBuildPhase section */

/* Begin PBXSourcesBuildPhase section */
		4BA79371203E08D000091482 /* Sources */ = {
			isa = PBXSourcesBuildPhase;
			buildActionMask = 2147483647;
			files = (
				4BA7937B203E08D000091482 /* ViewController.swift in Sources */,
				4BA79379203E08D000091482 /* AppDelegate.swift in Sources */,
				4BA793AD203E0A2600091482 /* DependentComponentPickerViewController.swift in Sources */,
				4BA793AB203E09F800091482 /* DoubleComponentPickerViewController.swift in Sources */,
				4BA793AF203E0A6900091482 /* CustomPickerViewController.swift in Sources */,
				4BA793A9203E09D500091482 /* SingleComponentPickerViewController.swift in Sources */,
				4BA793A7203E096200091482 /* DatePickerViewController.swift in Sources */,
			);
			runOnlyForDeploymentPostprocessing = 0;
		};
		4BA79385203E08D000091482 /* Sources */ = {
			isa = PBXSourcesBuildPhase;
			buildActionMask = 2147483647;
			files = (
				4BA7938E203E08D000091482 /* PickerTests.swift in Sources */,
			);
			runOnlyForDeploymentPostprocessing = 0;
		};
		4BA79390203E08D000091482 /* Sources */ = {
			isa = PBXSourcesBuildPhase;
			buildActionMask = 2147483647;
			files = (
				4BA79399203E08D000091482 /* PickerUITests.swift in Sources */,
			);
			runOnlyForDeploymentPostprocessing = 0;
		};
/* End PBXSourcesBuildPhase section */

/* Begin PBXTargetDependency section */
		4BA7938B203E08D000091482 /* PBXTargetDependency */ = {
			isa = PBXTargetDependency;
			target = 4BA79374203E08D000091482 /* Picker */;
			targetProxy = 4BA7938A203E08D000091482 /* PBXContainerItemProxy */;
		};
		4BA79396203E08D000091482 /* PBXTargetDependency */ = {
			isa = PBXTargetDependency;
			target = 4BA79374203E08D000091482 /* Picker */;
			targetProxy = 4BA79395203E08D000091482 /* PBXContainerItemProxy */;
		};
/* End PBXTargetDependency section */

/* Begin PBXVariantGroup section */
		4BA7937C203E08D000091482 /* Main.storyboard */ = {
			isa = PBXVariantGroup;
			children = (
				4BA7937D203E08D000091482 /* Base */,
			);
			name = Main.storyboard;
			sourceTree = "<group>";
		};
		4BA79381203E08D000091482 /* LaunchScreen.storyboard */ = {
			isa = PBXVariantGroup;
			children = (
				4BA79382203E08D000091482 /* Base */,
			);
			name = LaunchScreen.storyboard;
			sourceTree = "<group>";
		};
/* End PBXVariantGroup section */

/* Begin XCBuildConfiguration section */
		4BA7939B203E08D000091482 /* Debug */ = {
			isa = XCBuildConfiguration;
			buildSettings = {
				ALWAYS_SEARCH_USER_PATHS = NO;
				CLANG_ANALYZER_NONNULL = YES;
				CLANG_ANALYZER_NUMBER_OBJECT_CONVERSION = YES_AGGRESSIVE;
				CLANG_CXX_LANGUAGE_STANDARD = "gnu++0x";
				CLANG_CXX_LIBRARY = "libc++";
				CLANG_ENABLE_MODULES = YES;
				CLANG_ENABLE_OBJC_ARC = YES;
				CLANG_WARN_BOOL_CONVERSION = YES;
				CLANG_WARN_CONSTANT_CONVERSION = YES;
				CLANG_WARN_DIRECT_OBJC_ISA_USAGE = YES_ERROR;
				CLANG_WARN_DOCUMENTATION_COMMENTS = YES;
				CLANG_WARN_EMPTY_BODY = YES;
				CLANG_WARN_ENUM_CONVERSION = YES;
				CLANG_WARN_INFINITE_RECURSION = YES;
				CLANG_WARN_INT_CONVERSION = YES;
				CLANG_WARN_OBJC_ROOT_CLASS = YES_ERROR;
				CLANG_WARN_SUSPICIOUS_MOVE = YES;
				CLANG_WARN_UNREACHABLE_CODE = YES;
				CLANG_WARN__DUPLICATE_METHOD_MATCH = YES;
				"CODE_SIGN_IDENTITY[sdk=iphoneos*]" = "iPhone Developer";
				COPY_PHASE_STRIP = NO;
				DEBUG_INFORMATION_FORMAT = dwarf;
				ENABLE_STRICT_OBJC_MSGSEND = YES;
				ENABLE_TESTABILITY = YES;
				GCC_C_LANGUAGE_STANDARD = gnu99;
				GCC_DYNAMIC_NO_PIC = NO;
				GCC_NO_COMMON_BLOCKS = YES;
				GCC_OPTIMIZATION_LEVEL = 0;
				GCC_PREPROCESSOR_DEFINITIONS = (
					"DEBUG=1",
					"$(inherited)",
				);
				GCC_WARN_64_TO_32_BIT_CONVERSION = YES;
				GCC_WARN_ABOUT_RETURN_TYPE = YES_ERROR;
				GCC_WARN_UNDECLARED_SELECTOR = YES;
				GCC_WARN_UNINITIALIZED_AUTOS = YES_AGGRESSIVE;
				GCC_WARN_UNUSED_FUNCTION = YES;
				GCC_WARN_UNUSED_VARIABLE = YES;
				IPHONEOS_DEPLOYMENT_TARGET = 10.3;
				MTL_ENABLE_DEBUG_INFO = YES;
				ONLY_ACTIVE_ARCH = YES;
				SDKROOT = iphoneos;
				SWIFT_ACTIVE_COMPILATION_CONDITIONS = DEBUG;
				SWIFT_OPTIMIZATION_LEVEL = "-Onone";
				TARGETED_DEVICE_FAMILY = "1,2";
			};
			name = Debug;
		};
		4BA7939C203E08D000091482 /* Release */ = {
			isa = XCBuildConfiguration;
			buildSettings = {
				ALWAYS_SEARCH_USER_PATHS = NO;
				CLANG_ANALYZER_NONNULL = YES;
				CLANG_ANALYZER_NUMBER_OBJECT_CONVERSION = YES_AGGRESSIVE;
				CLANG_CXX_LANGUAGE_STANDARD = "gnu++0x";
				CLANG_CXX_LIBRARY = "libc++";
				CLANG_ENABLE_MODULES = YES;
				CLANG_ENABLE_OBJC_ARC = YES;
				CLANG_WARN_BOOL_CONVERSION = YES;
				CLANG_WARN_CONSTANT_CONVERSION = YES;
				CLANG_WARN_DIRECT_OBJC_ISA_USAGE = YES_ERROR;
				CLANG_WARN_DOCUMENTATION_COMMENTS = YES;
				CLANG_WARN_EMPTY_BODY = YES;
				CLANG_WARN_ENUM_CONVERSION = YES;
				CLANG_WARN_INFINITE_RECURSION = YES;
				CLANG_WARN_INT_CONVERSION = YES;
				CLANG_WARN_OBJC_ROOT_CLASS = YES_ERROR;
				CLANG_WARN_SUSPICIOUS_MOVE = YES;
				CLANG_WARN_UNREACHABLE_CODE = YES;
				CLANG_WARN__DUPLICATE_METHOD_MATCH = YES;
				"CODE_SIGN_IDENTITY[sdk=iphoneos*]" = "iPhone Developer";
				COPY_PHASE_STRIP = NO;
				DEBUG_INFORMATION_FORMAT = "dwarf-with-dsym";
				ENABLE_NS_ASSERTIONS = NO;
				ENABLE_STRICT_OBJC_MSGSEND = YES;
				GCC_C_LANGUAGE_STANDARD = gnu99;
				GCC_NO_COMMON_BLOCKS = YES;
				GCC_WARN_64_TO_32_BIT_CONVERSION = YES;
				GCC_WARN_ABOUT_RETURN_TYPE = YES_ERROR;
				GCC_WARN_UNDECLARED_SELECTOR = YES;
				GCC_WARN_UNINITIALIZED_AUTOS = YES_AGGRESSIVE;
				GCC_WARN_UNUSED_FUNCTION = YES;
				GCC_WARN_UNUSED_VARIABLE = YES;
				IPHONEOS_DEPLOYMENT_TARGET = 10.3;
				MTL_ENABLE_DEBUG_INFO = NO;
				SDKROOT = iphoneos;
				SWIFT_OPTIMIZATION_LEVEL = "-Owholemodule";
				TARGETED_DEVICE_FAMILY = "1,2";
				VALIDATE_PRODUCT = YES;
			};
			name = Release;
		};
		4BA7939E203E08D000091482 /* Debug */ = {
			isa = XCBuildConfiguration;
			buildSettings = {
				ASSETCATALOG_COMPILER_APPICON_NAME = AppIcon;
				INFOPLIST_FILE = Picker/Info.plist;
				LD_RUNPATH_SEARCH_PATHS = "$(inherited) @executable_path/Frameworks";
				PRODUCT_BUNDLE_IDENTIFIER = com.javier.Picker;
				PRODUCT_NAME = "$(TARGET_NAME)";
				SWIFT_VERSION = 3.0;
			};
			name = Debug;
		};
		4BA7939F203E08D000091482 /* Release */ = {
			isa = XCBuildConfiguration;
			buildSettings = {
				ASSETCATALOG_COMPILER_APPICON_NAME = AppIcon;
				INFOPLIST_FILE = Picker/Info.plist;
				LD_RUNPATH_SEARCH_PATHS = "$(inherited) @executable_path/Frameworks";
				PRODUCT_BUNDLE_IDENTIFIER = com.javier.Picker;
				PRODUCT_NAME = "$(TARGET_NAME)";
				SWIFT_VERSION = 3.0;
			};
			name = Release;
		};
		4BA793A1203E08D000091482 /* Debug */ = {
			isa = XCBuildConfiguration;
			buildSettings = {
				ALWAYS_EMBED_SWIFT_STANDARD_LIBRARIES = YES;
				BUNDLE_LOADER = "$(TEST_HOST)";
				INFOPLIST_FILE = PickerTests/Info.plist;
				LD_RUNPATH_SEARCH_PATHS = "$(inherited) @executable_path/Frameworks @loader_path/Frameworks";
				PRODUCT_BUNDLE_IDENTIFIER = com.javier.PickerTests;
				PRODUCT_NAME = "$(TARGET_NAME)";
				SWIFT_VERSION = 3.0;
				TEST_HOST = "$(BUILT_PRODUCTS_DIR)/Picker.app/Picker";
			};
			name = Debug;
		};
		4BA793A2203E08D000091482 /* Release */ = {
			isa = XCBuildConfiguration;
			buildSettings = {
				ALWAYS_EMBED_SWIFT_STANDARD_LIBRARIES = YES;
				BUNDLE_LOADER = "$(TEST_HOST)";
				INFOPLIST_FILE = PickerTests/Info.plist;
				LD_RUNPATH_SEARCH_PATHS = "$(inherited) @executable_path/Frameworks @loader_path/Frameworks";
				PRODUCT_BUNDLE_IDENTIFIER = com.javier.PickerTests;
				PRODUCT_NAME = "$(TARGET_NAME)";
				SWIFT_VERSION = 3.0;
				TEST_HOST = "$(BUILT_PRODUCTS_DIR)/Picker.app/Picker";
			};
			name = Release;
		};
		4BA793A4203E08D000091482 /* Debug */ = {
			isa = XCBuildConfiguration;
			buildSettings = {
				ALWAYS_EMBED_SWIFT_STANDARD_LIBRARIES = YES;
				INFOPLIST_FILE = PickerUITests/Info.plist;
				LD_RUNPATH_SEARCH_PATHS = "$(inherited) @executable_path/Frameworks @loader_path/Frameworks";
				PRODUCT_BUNDLE_IDENTIFIER = com.javier.PickerUITests;
				PRODUCT_NAME = "$(TARGET_NAME)";
				SWIFT_VERSION = 3.0;
				TEST_TARGET_NAME = Picker;
			};
			name = Debug;
		};
		4BA793A5203E08D000091482 /* Release */ = {
			isa = XCBuildConfiguration;
			buildSettings = {
				ALWAYS_EMBED_SWIFT_STANDARD_LIBRARIES = YES;
				INFOPLIST_FILE = PickerUITests/Info.plist;
				LD_RUNPATH_SEARCH_PATHS = "$(inherited) @executable_path/Frameworks @loader_path/Frameworks";
				PRODUCT_BUNDLE_IDENTIFIER = com.javier.PickerUITests;
				PRODUCT_NAME = "$(TARGET_NAME)";
				SWIFT_VERSION = 3.0;
				TEST_TARGET_NAME = Picker;
			};
			name = Release;
		};
/* End XCBuildConfiguration section */

/* Begin XCConfigurationList section */
		4BA79370203E08D000091482 /* Build configuration list for PBXProject "Picker" */ = {
			isa = XCConfigurationList;
			buildConfigurations = (
				4BA7939B203E08D000091482 /* Debug */,
				4BA7939C203E08D000091482 /* Release */,
			);
			defaultConfigurationIsVisible = 0;
			defaultConfigurationName = Release;
		};
		4BA7939D203E08D000091482 /* Build configuration list for PBXNativeTarget "Picker" */ = {
			isa = XCConfigurationList;
			buildConfigurations = (
				4BA7939E203E08D000091482 /* Debug */,
				4BA7939F203E08D000091482 /* Release */,
			);
			defaultConfigurationIsVisible = 0;
		};
		4BA793A0203E08D000091482 /* Build configuration list for PBXNativeTarget "PickerTests" */ = {
			isa = XCConfigurationList;
			buildConfigurations = (
				4BA793A1203E08D000091482 /* Debug */,
				4BA793A2203E08D000091482 /* Release */,
			);
			defaultConfigurationIsVisible = 0;
		};
		4BA793A3203E08D000091482 /* Build configuration list for PBXNativeTarget "PickerUITests" */ = {
			isa = XCConfigurationList;
			buildConfigurations = (
				4BA793A4203E08D000091482 /* Debug */,
				4BA793A5203E08D000091482 /* Release */,
			);
			defaultConfigurationIsVisible = 0;
		};
/* End XCConfigurationList section */
	};
	rootObject = 4BA7936D203E08D000091482 /* Project object */;
}
